Microsoft Visual Studio Solution File, Format Version 12.00
# Visual Studio Version 17
VisualStudioVersion = 17.5.002.0
MinimumVisualStudioVersion = 10.0.40219.1
Project("{FAE04EC0-301F-11D3-BF4B-00C04F79EFBC}") = "Amicitia.IO", "Amicitia.IO\src\Amicitia.IO\Amicitia.IO.csproj", "{361D4AFF-D518-4F71-AE22-60996AAC6336}"
EndProject
Project("{FAE04EC0-301F-11D3-BF4B-00C04F79EFBC}") = "libfco", "Source\libfco.csproj", "{ED2A6B11-00A3-4C28-9773-8D772D93F815}"
EndProject
Global
	GlobalSection(SolutionConfigurationPlatforms) = preSolution
		Debug|Any CPU = Debug|Any CPU
		Release|Any CPU = Release|Any CPU
	EndGlobalSection
	GlobalSection(ProjectConfigurationPlatforms) = postSolution
		{361D4AFF-D518-4F71-AE22-60996AAC6336}.Debug|Any CPU.ActiveCfg = Debug|Any CPU
		{361D4AFF-D518-4F71-AE22-60996AAC6336}.Debug|Any CPU.Build.0 = Debug|Any CPU
		{361D4AFF-D518-4F71-AE22-60996AAC6336}.Release|Any CPU.ActiveCfg = Release|Any CPU
		{361D4AFF-D518-4F71-AE22-60996AAC6336}.Release|Any CPU.Build.0 = Release|Any CPU
		{ED2A6B11-00A3-4C28-9773-8D772D93F815}.Debug|Any CPU.ActiveCfg = Debug|Any CPU
		{ED2A6B11-00A3-4C28-9773-8D772D93F815}.Debug|Any CPU.Build.0 = Debug|Any CPU
		{ED2A6B11-00A3-4C28-9773-8D772D93F815}.Release|Any CPU.ActiveCfg = Release|Any CPU
		{ED2A6B11-00A3-4C28-9773-8D772D93F815}.Release|Any CPU.Build.0 = Release|Any CPU
	EndGlobalSection
	GlobalSection(SolutionProperties) = preSolution
		HideSolutionNode = FALSE
	EndGlobalSection
	GlobalSection(ExtensibilityGlobals) = postSolution
		SolutionGuid = {80B01C05-18E3-43FB-A3AC-C3F4C52E3E35}
	EndGlobalSection
EndGlobal
